
Microsoft Visual Studio Solution File, Format Version 12.00
# Visual Studio 14
VisualStudioVersion = 14.0.24720.0
MinimumVisualStudioVersion = 10.0.40219.1
Project("{8BC9CEB8-8B4A-11D0-8D11-00A0C91BC942}") = "Part01.03Problem01", "Part01.3Problem01\Part01.3Problem01.vcxproj", "{FE7E70B3-38B6-4B15-9ED5-D01822DE49A6}"
EndProject
Project("{8BC9CEB8-8B4A-11D0-8D11-00A0C91BC942}") = "Part01.03Problem02", "Part01.3Problem02\Part01.3Problem02.vcxproj", "{0B3914A0-2402-42F6-B3F2-EE09AC693D14}"
EndProject
Project("{8BC9CEB8-8B4A-11D0-8D11-00A0C91BC942}") = "Part01.03Problem03", "Part01.3Problem03\Part01.3Problem03.vcxproj", "{34BF6DEF-BDF0-4405-90E1-0EDF664640EF}"
EndProject
Project("{8BC9CEB8-8B4A-11D0-8D11-00A0C91BC942}") = "Part01.05Problem02", "Part01.05Problem02\Part01.05Problem02.vcxproj", "{0FA273FD-CE22-4988-9D43-85EB356EE22F}"
EndProject
Project("{8BC9CEB8-8B4A-11D0-8D11-00A0C91BC942}") = "Part01.05Problem03", "Part01.05Problem03\Part01.05Problem03.vcxproj", "{7E69F27B-232C-4567-9068-E05F6A464B95}"
EndProject
Project("{8BC9CEB8-8B4A-11D0-8D11-00A0C91BC942}") = "Part01.07.Sroot", "Part01.07.Sroot\Part01.07.Sroot.vcxproj", "{A20AA737-3DA1-4D5A-9A19-C7C62F9FAECD}"
EndProject
Project("{8BC9CEB8-8B4A-11D0-8D11-00A0C91BC942}") = "Part01.07.Min", "Part01.07.Min\Part01.07.Min.vcxproj", "{23AD1442-B826-4348-9FEB-0824450AC6AF}"
EndProject
Project("{8BC9CEB8-8B4A-11D0-8D11-00A0C91BC942}") = "Part01.07.Sleep", "Part01.07.Sleep\Part01.07.Sleep.vcxproj", "{4802EED1-E8DC-46F8-BA11-0FAD5AAE6D87}"
EndProject
Project("{8BC9CEB8-8B4A-11D0-8D11-00A0C91BC942}") = "Part01.Check.Pow", "Part01.Check.03\Part01.Check.03.vcxproj", "{EC275F03-55E1-44E9-8223-42A14FCC1B09}"
EndProject
Project("{8BC9CEB8-8B4A-11D0-8D11-00A0C91BC942}") = "Part01.Check.RevStr", "Part01.Check.RevStr\Part01.Check.RevStr.vcxproj", "{0C5220FB-5A88-4655-A43F-BB6BB6963365}"
EndProject
Project("{8BC9CEB8-8B4A-11D0-8D11-00A0C91BC942}") = "Part01.Check.CStyle", "Part01.Check.CStyle\Part01.Check.CStyle.vcxproj", "{55B1CC10-6798-49F5-8D5A-4B3D97019BB8}"
EndProject
Global
	GlobalSection(SolutionConfigurationPlatforms) = preSolution
		Debug|x64 = Debug|x64
		Debug|x86 = Debug|x86
		Release|x64 = Release|x64
		Release|x86 = Release|x86
	EndGlobalSection
	GlobalSection(ProjectConfigurationPlatforms) = postSolution
		{FE7E70B3-38B6-4B15-9ED5-D01822DE49A6}.Debug|x64.ActiveCfg = Debug|x64
		{FE7E70B3-38B6-4B15-9ED5-D01822DE49A6}.Debug|x64.Build.0 = Debug|x64
		{FE7E70B3-38B6-4B15-9ED5-D01822DE49A6}.Debug|x86.ActiveCfg = Debug|Win32
		{FE7E70B3-38B6-4B15-9ED5-D01822DE49A6}.Debug|x86.Build.0 = Debug|Win32
		{FE7E70B3-38B6-4B15-9ED5-D01822DE49A6}.Release|x64.ActiveCfg = Release|x64
		{FE7E70B3-38B6-4B15-9ED5-D01822DE49A6}.Release|x64.Build.0 = Release|x64
		{FE7E70B3-38B6-4B15-9ED5-D01822DE49A6}.Release|x86.ActiveCfg = Release|Win32
		{FE7E70B3-38B6-4B15-9ED5-D01822DE49A6}.Release|x86.Build.0 = Release|Win32
		{0B3914A0-2402-42F6-B3F2-EE09AC693D14}.Debug|x64.ActiveCfg = Debug|x64
		{0B3914A0-2402-42F6-B3F2-EE09AC693D14}.Debug|x64.Build.0 = Debug|x64
		{0B3914A0-2402-42F6-B3F2-EE09AC693D14}.Debug|x86.ActiveCfg = Debug|Win32
		{0B3914A0-2402-42F6-B3F2-EE09AC693D14}.Debug|x86.Build.0 = Debug|Win32
		{0B3914A0-2402-42F6-B3F2-EE09AC693D14}.Release|x64.ActiveCfg = Release|x64
		{0B3914A0-2402-42F6-B3F2-EE09AC693D14}.Release|x64.Build.0 = Release|x64
		{0B3914A0-2402-42F6-B3F2-EE09AC693D14}.Release|x86.ActiveCfg = Release|Win32
		{0B3914A0-2402-42F6-B3F2-EE09AC693D14}.Release|x86.Build.0 = Release|Win32
		{34BF6DEF-BDF0-4405-90E1-0EDF664640EF}.Debug|x64.ActiveCfg = Debug|x64
		{34BF6DEF-BDF0-4405-90E1-0EDF664640EF}.Debug|x64.Build.0 = Debug|x64
		{34BF6DEF-BDF0-4405-90E1-0EDF664640EF}.Debug|x86.ActiveCfg = Debug|Win32
		{34BF6DEF-BDF0-4405-90E1-0EDF664640EF}.Debug|x86.Build.0 = Debug|Win32
		{34BF6DEF-BDF0-4405-90E1-0EDF664640EF}.Release|x64.ActiveCfg = Release|x64
		{34BF6DEF-BDF0-4405-90E1-0EDF664640EF}.Release|x64.Build.0 = Release|x64
		{34BF6DEF-BDF0-4405-90E1-0EDF664640EF}.Release|x86.ActiveCfg = Release|Win32
		{34BF6DEF-BDF0-4405-90E1-0EDF664640EF}.Release|x86.Build.0 = Release|Win32
		{0FA273FD-CE22-4988-9D43-85EB356EE22F}.Debug|x64.ActiveCfg = Debug|x64
		{0FA273FD-CE22-4988-9D43-85EB356EE22F}.Debug|x64.Build.0 = Debug|x64
		{0FA273FD-CE22-4988-9D43-85EB356EE22F}.Debug|x86.ActiveCfg = Debug|Win32
		{0FA273FD-CE22-4988-9D43-85EB356EE22F}.Debug|x86.Build.0 = Debug|Win32
		{0FA273FD-CE22-4988-9D43-85EB356EE22F}.Release|x64.ActiveCfg = Release|x64
		{0FA273FD-CE22-4988-9D43-85EB356EE22F}.Release|x64.Build.0 = Release|x64
		{0FA273FD-CE22-4988-9D43-85EB356EE22F}.Release|x86.ActiveCfg = Release|Win32
		{0FA273FD-CE22-4988-9D43-85EB356EE22F}.Release|x86.Build.0 = Release|Win32
		{7E69F27B-232C-4567-9068-E05F6A464B95}.Debug|x64.ActiveCfg = Debug|x64
		{7E69F27B-232C-4567-9068-E05F6A464B95}.Debug|x64.Build.0 = Debug|x64
		{7E69F27B-232C-4567-9068-E05F6A464B95}.Debug|x86.ActiveCfg = Debug|Win32
		{7E69F27B-232C-4567-9068-E05F6A464B95}.Debug|x86.Build.0 = Debug|Win32
		{7E69F27B-232C-4567-9068-E05F6A464B95}.Release|x64.ActiveCfg = Release|x64
		{7E69F27B-232C-4567-9068-E05F6A464B95}.Release|x64.Build.0 = Release|x64
		{7E69F27B-232C-4567-9068-E05F6A464B95}.Release|x86.ActiveCfg = Release|Win32
		{7E69F27B-232C-4567-9068-E05F6A464B95}.Release|x86.Build.0 = Release|Win32
		{A20AA737-3DA1-4D5A-9A19-C7C62F9FAECD}.Debug|x64.ActiveCfg = Debug|x64
		{A20AA737-3DA1-4D5A-9A19-C7C62F9FAECD}.Debug|x64.Build.0 = Debug|x64
		{A20AA737-3DA1-4D5A-9A19-C7C62F9FAECD}.Debug|x86.ActiveCfg = Debug|Win32
		{A20AA737-3DA1-4D5A-9A19-C7C62F9FAECD}.Debug|x86.Build.0 = Debug|Win32
		{A20AA737-3DA1-4D5A-9A19-C7C62F9FAECD}.Release|x64.ActiveCfg = Release|x64
		{A20AA737-3DA1-4D5A-9A19-C7C62F9FAECD}.Release|x64.Build.0 = Release|x64
		{A20AA737-3DA1-4D5A-9A19-C7C62F9FAECD}.Release|x86.ActiveCfg = Release|Win32
		{A20AA737-3DA1-4D5A-9A19-C7C62F9FAECD}.Release|x86.Build.0 = Release|Win32
		{23AD1442-B826-4348-9FEB-0824450AC6AF}.Debug|x64.ActiveCfg = Debug|x64
		{23AD1442-B826-4348-9FEB-0824450AC6AF}.Debug|x64.Build.0 = Debug|x64
		{23AD1442-B826-4348-9FEB-0824450AC6AF}.Debug|x86.ActiveCfg = Debug|Win32
		{23AD1442-B826-4348-9FEB-0824450AC6AF}.Debug|x86.Build.0 = Debug|Win32
		{23AD1442-B826-4348-9FEB-0824450AC6AF}.Release|x64.ActiveCfg = Release|x64
		{23AD1442-B826-4348-9FEB-0824450AC6AF}.Release|x64.Build.0 = Release|x64
		{23AD1442-B826-4348-9FEB-0824450AC6AF}.Release|x86.ActiveCfg = Release|Win32
		{23AD1442-B826-4348-9FEB-0824450AC6AF}.Release|x86.Build.0 = Release|Win32
		{4802EED1-E8DC-46F8-BA11-0FAD5AAE6D87}.Debug|x64.ActiveCfg = Debug|x64
		{4802EED1-E8DC-46F8-BA11-0FAD5AAE6D87}.Debug|x64.Build.0 = Debug|x64
		{4802EED1-E8DC-46F8-BA11-0FAD5AAE6D87}.Debug|x86.ActiveCfg = Debug|Win32
		{4802EED1-E8DC-46F8-BA11-0FAD5AAE6D87}.Debug|x86.Build.0 = Debug|Win32
		{4802EED1-E8DC-46F8-BA11-0FAD5AAE6D87}.Release|x64.ActiveCfg = Release|x64
		{4802EED1-E8DC-46F8-BA11-0FAD5AAE6D87}.Release|x64.Build.0 = Release|x64
		{4802EED1-E8DC-46F8-BA11-0FAD5AAE6D87}.Release|x86.ActiveCfg = Release|Win32
		{4802EED1-E8DC-46F8-BA11-0FAD5AAE6D87}.Release|x86.Build.0 = Release|Win32
		{EC275F03-55E1-44E9-8223-42A14FCC1B09}.Debug|x64.ActiveCfg = Debug|x64
		{EC275F03-55E1-44E9-8223-42A14FCC1B09}.Debug|x64.Build.0 = Debug|x64
		{EC275F03-55E1-44E9-8223-42A14FCC1B09}.Debug|x86.ActiveCfg = Debug|Win32
		{EC275F03-55E1-44E9-8223-42A14FCC1B09}.Debug|x86.Build.0 = Debug|Win32
		{EC275F03-55E1-44E9-8223-42A14FCC1B09}.Release|x64.ActiveCfg = Release|x64
		{EC275F03-55E1-44E9-8223-42A14FCC1B09}.Release|x64.Build.0 = Release|x64
		{EC275F03-55E1-44E9-8223-42A14FCC1B09}.Release|x86.ActiveCfg = Release|Win32
		{EC275F03-55E1-44E9-8223-42A14FCC1B09}.Release|x86.Build.0 = Release|Win32
		{0C5220FB-5A88-4655-A43F-BB6BB6963365}.Debug|x64.ActiveCfg = Debug|x64
		{0C5220FB-5A88-4655-A43F-BB6BB6963365}.Debug|x64.Build.0 = Debug|x64
		{0C5220FB-5A88-4655-A43F-BB6BB6963365}.Debug|x86.ActiveCfg = Debug|Win32
		{0C5220FB-5A88-4655-A43F-BB6BB6963365}.Debug|x86.Build.0 = Debug|Win32
		{0C5220FB-5A88-4655-A43F-BB6BB6963365}.Release|x64.ActiveCfg = Release|x64
		{0C5220FB-5A88-4655-A43F-BB6BB6963365}.Release|x64.Build.0 = Release|x64
		{0C5220FB-5A88-4655-A43F-BB6BB6963365}.Release|x86.ActiveCfg = Release|Win32
		{0C5220FB-5A88-4655-A43F-BB6BB6963365}.Release|x86.Build.0 = Release|Win32
		{55B1CC10-6798-49F5-8D5A-4B3D97019BB8}.Debug|x64.ActiveCfg = Debug|x64
		{55B1CC10-6798-49F5-8D5A-4B3D97019BB8}.Debug|x64.Build.0 = Debug|x64
		{55B1CC10-6798-49F5-8D5A-4B3D97019BB8}.Debug|x86.ActiveCfg = Debug|Win32
		{55B1CC10-6798-49F5-8D5A-4B3D97019BB8}.Debug|x86.Build.0 = Debug|Win32
		{55B1CC10-6798-49F5-8D5A-4B3D97019BB8}.Release|x64.ActiveCfg = Release|x64
		{55B1CC10-6798-49F5-8D5A-4B3D97019BB8}.Release|x64.Build.0 = Release|x64
		{55B1CC10-6798-49F5-8D5A-4B3D97019BB8}.Release|x86.ActiveCfg = Release|Win32
		{55B1CC10-6798-49F5-8D5A-4B3D97019BB8}.Release|x86.Build.0 = Release|Win32
	EndGlobalSection
	GlobalSection(SolutionProperties) = preSolution
		HideSolutionNode = FALSE
	EndGlobalSection
EndGlobal
